{
  "name": "qualification-consumer",
  "lockfileVersion": 3,
  "requires": true,
  "packages": {
    "": {
      "devDependencies": {
        "{{CANDIDATE_NAME}}": "{{CANDIDATE_VERSION}}",
        "@clossys/advisor": "0.1.4",
        "@fixture/qualification-target": "1.0.0"
      }
    },
    "node_modules/{{CANDIDATE_NAME}}": {
      "version": "{{CANDIDATE_VERSION}}",
      "integrity": "{{CANDIDATE_INTEGRITY}}"
    },
    "node_modules/@clossys/advisor": {
      "version": "0.1.4",
      "integrity": "sha512-AAAAAAAAAAAAAAAAAAAAAAAAAAAAAAAAAAAAAAAAAAAAAAAAAAAAAAAAAAAAAAAAAAAAAAAAAAAAAAAAAAAAAA=="
    },
    "node_modules/@fixture/qualification-target": {
      "version": "1.0.0",
      "integrity": "sha512-AQEBAQEBAQEBAQEBAQEBAQEBAQEBAQEBAQEBAQEBAQEBAQEBAQEBAQEBAQEBAQEBAQEBAQEBAQEBAQEBAQEBAQ=="
    }
  }
}
